
Microsoft Visual Studio Solution File, Format Version 12.00
# Visual Studio Version 17
VisualStudioVersion = 17.3.32929.385
MinimumVisualStudioVersion = 10.0.40219.1
Project("{FAE04EC0-301F-11D3-BF4B-00C04F79EFBC}") = "Gimnasio", "Gimnasio.csproj", "{45FB4EE5-580E-4778-8F4E-45711A16C58D}"
EndProject
Project("{FAE04EC0-301F-11D3-BF4B-00C04F79EFBC}") = "ReglasDeNegocio", "..\ReglasDeNegocio\ReglasDeNegocio.csproj", "{A2955ACA-B692-4D04-8ECB-8A9DF0ED0DBF}"
EndProject
Global
	GlobalSection(SolutionConfigurationPlatforms) = preSolution
		Debug|Any CPU = Debug|Any CPU
		Release|Any CPU = Release|Any CPU
	EndGlobalSection
	GlobalSection(ProjectConfigurationPlatforms) = postSolution
		{45FB4EE5-580E-4778-8F4E-45711A16C58D}.Debug|Any CPU.ActiveCfg = Debug|Any CPU
		{45FB4EE5-580E-4778-8F4E-45711A16C58D}.Debug|Any CPU.Build.0 = Debug|Any CPU
		{45FB4EE5-580E-4778-8F4E-45711A16C58D}.Release|Any CPU.ActiveCfg = Release|Any CPU
		{45FB4EE5-580E-4778-8F4E-45711A16C58D}.Release|Any CPU.Build.0 = Release|Any CPU
		{A2955ACA-B692-4D04-8ECB-8A9DF0ED0DBF}.Debug|Any CPU.ActiveCfg = Debug|Any CPU
		{A2955ACA-B692-4D04-8ECB-8A9DF0ED0DBF}.Debug|Any CPU.Build.0 = Debug|Any CPU
		{A2955ACA-B692-4D04-8ECB-8A9DF0ED0DBF}.Release|Any CPU.ActiveCfg = Release|Any CPU
		{A2955ACA-B692-4D04-8ECB-8A9DF0ED0DBF}.Release|Any CPU.Build.0 = Release|Any CPU
	EndGlobalSection
	GlobalSection(SolutionProperties) = preSolution
		HideSolutionNode = FALSE
	EndGlobalSection
	GlobalSection(ExtensibilityGlobals) = postSolution
		SolutionGuid = {19532FE6-6302-4E8E-8897-F3EF88BC6EB3}
	EndGlobalSection
EndGlobal
